
Microsoft Visual Studio Solution File, Format Version 12.00
# Visual Studio Version 16
VisualStudioVersion = 16.0.31410.357
MinimumVisualStudioVersion = 10.0.40219.1
Project("{FAE04EC0-301F-11D3-BF4B-00C04F79EFBC}") = "3rdDay_ex1_1", "3rdDay_ex1_1.csproj", "{7EA2CD44-1358-4F17-ABB2-21B7BD70031B}"
EndProject
Global
	GlobalSection(SolutionConfigurationPlatforms) = preSolution
		Debug|Any CPU = Debug|Any CPU
		Release|Any CPU = Release|Any CPU
	EndGlobalSection
	GlobalSection(ProjectConfigurationPlatforms) = postSolution
		{7EA2CD44-1358-4F17-ABB2-21B7BD70031B}.Debug|Any CPU.ActiveCfg = Debug|Any CPU
		{7EA2CD44-1358-4F17-ABB2-21B7BD70031B}.Debug|Any CPU.Build.0 = Debug|Any CPU
		{7EA2CD44-1358-4F17-ABB2-21B7BD70031B}.Release|Any CPU.ActiveCfg = Release|Any CPU
		{7EA2CD44-1358-4F17-ABB2-21B7BD70031B}.Release|Any CPU.Build.0 = Release|Any CPU
	EndGlobalSection
	GlobalSection(SolutionProperties) = preSolution
		HideSolutionNode = FALSE
	EndGlobalSection
	GlobalSection(ExtensibilityGlobals) = postSolution
		SolutionGuid = {2906C9CB-464A-4981-82A1-245954553F69}
	EndGlobalSection
EndGlobal
