
Microsoft Visual Studio Solution File, Format Version 12.00
# Visual Studio Version 16
VisualStudioVersion = 16.0.31410.357
MinimumVisualStudioVersion = 10.0.40219.1
Project("{FAE04EC0-301F-11D3-BF4B-00C04F79EFBC}") = "ex0308_Csharp", "ex0308_Csharp.csproj", "{BCBD596C-D155-488F-AE7E-9515F40DA9A8}"
EndProject
Global
	GlobalSection(SolutionConfigurationPlatforms) = preSolution
		Debug|Any CPU = Debug|Any CPU
		Release|Any CPU = Release|Any CPU
	EndGlobalSection
	GlobalSection(ProjectConfigurationPlatforms) = postSolution
		{BCBD596C-D155-488F-AE7E-9515F40DA9A8}.Debug|Any CPU.ActiveCfg = Debug|Any CPU
		{BCBD596C-D155-488F-AE7E-9515F40DA9A8}.Debug|Any CPU.Build.0 = Debug|Any CPU
		{BCBD596C-D155-488F-AE7E-9515F40DA9A8}.Release|Any CPU.ActiveCfg = Release|Any CPU
		{BCBD596C-D155-488F-AE7E-9515F40DA9A8}.Release|Any CPU.Build.0 = Release|Any CPU
	EndGlobalSection
	GlobalSection(SolutionProperties) = preSolution
		HideSolutionNode = FALSE
	EndGlobalSection
	GlobalSection(ExtensibilityGlobals) = postSolution
		SolutionGuid = {EFDA3ACB-7AB0-4A7F-BAFF-715BD8120BE5}
	EndGlobalSection
EndGlobal
