
Microsoft Visual Studio Solution File, Format Version 12.00
# Visual Studio Version 16
VisualStudioVersion = 16.0.31410.357
MinimumVisualStudioVersion = 10.0.40219.1
Project("{FAE04EC0-301F-11D3-BF4B-00C04F79EFBC}") = "2Day_4", "2Day_4.csproj", "{53312DB9-64F8-4700-A0F2-B68370639152}"
EndProject
Global
	GlobalSection(SolutionConfigurationPlatforms) = preSolution
		Debug|Any CPU = Debug|Any CPU
		Release|Any CPU = Release|Any CPU
	EndGlobalSection
	GlobalSection(ProjectConfigurationPlatforms) = postSolution
		{53312DB9-64F8-4700-A0F2-B68370639152}.Debug|Any CPU.ActiveCfg = Debug|Any CPU
		{53312DB9-64F8-4700-A0F2-B68370639152}.Debug|Any CPU.Build.0 = Debug|Any CPU
		{53312DB9-64F8-4700-A0F2-B68370639152}.Release|Any CPU.ActiveCfg = Release|Any CPU
		{53312DB9-64F8-4700-A0F2-B68370639152}.Release|Any CPU.Build.0 = Release|Any CPU
	EndGlobalSection
	GlobalSection(SolutionProperties) = preSolution
		HideSolutionNode = FALSE
	EndGlobalSection
	GlobalSection(ExtensibilityGlobals) = postSolution
		SolutionGuid = {4511030C-2465-4C74-9CA7-3B694E3B1B62}
	EndGlobalSection
EndGlobal
