
Microsoft Visual Studio Solution File, Format Version 12.00
# Visual Studio Version 16
VisualStudioVersion = 16.0.31410.357
MinimumVisualStudioVersion = 10.0.40219.1
Project("{FAE04EC0-301F-11D3-BF4B-00C04F79EFBC}") = "2ndDay", "2ndDay.csproj", "{B0EDC59A-C999-408E-B51C-2B157046B9FA}"
EndProject
Global
	GlobalSection(SolutionConfigurationPlatforms) = preSolution
		Debug|Any CPU = Debug|Any CPU
		Release|Any CPU = Release|Any CPU
	EndGlobalSection
	GlobalSection(ProjectConfigurationPlatforms) = postSolution
		{B0EDC59A-C999-408E-B51C-2B157046B9FA}.Debug|Any CPU.ActiveCfg = Debug|Any CPU
		{B0EDC59A-C999-408E-B51C-2B157046B9FA}.Debug|Any CPU.Build.0 = Debug|Any CPU
		{B0EDC59A-C999-408E-B51C-2B157046B9FA}.Release|Any CPU.ActiveCfg = Release|Any CPU
		{B0EDC59A-C999-408E-B51C-2B157046B9FA}.Release|Any CPU.Build.0 = Release|Any CPU
	EndGlobalSection
	GlobalSection(SolutionProperties) = preSolution
		HideSolutionNode = FALSE
	EndGlobalSection
	GlobalSection(ExtensibilityGlobals) = postSolution
		SolutionGuid = {E6F794FF-6E31-4C6D-8C4D-7ECA495BC85E}
	EndGlobalSection
EndGlobal
