
Microsoft Visual Studio Solution File, Format Version 12.00
# Visual Studio Version 16
VisualStudioVersion = 16.0.31410.357
MinimumVisualStudioVersion = 10.0.40219.1
Project("{FAE04EC0-301F-11D3-BF4B-00C04F79EFBC}") = "3rdDay_ex2_3", "3rdDay_ex2_3.csproj", "{EE590FDF-8BBA-4F05-A51E-4692C62C3C2F}"
EndProject
Global
	GlobalSection(SolutionConfigurationPlatforms) = preSolution
		Debug|Any CPU = Debug|Any CPU
		Release|Any CPU = Release|Any CPU
	EndGlobalSection
	GlobalSection(ProjectConfigurationPlatforms) = postSolution
		{EE590FDF-8BBA-4F05-A51E-4692C62C3C2F}.Debug|Any CPU.ActiveCfg = Debug|Any CPU
		{EE590FDF-8BBA-4F05-A51E-4692C62C3C2F}.Debug|Any CPU.Build.0 = Debug|Any CPU
		{EE590FDF-8BBA-4F05-A51E-4692C62C3C2F}.Release|Any CPU.ActiveCfg = Release|Any CPU
		{EE590FDF-8BBA-4F05-A51E-4692C62C3C2F}.Release|Any CPU.Build.0 = Release|Any CPU
	EndGlobalSection
	GlobalSection(SolutionProperties) = preSolution
		HideSolutionNode = FALSE
	EndGlobalSection
	GlobalSection(ExtensibilityGlobals) = postSolution
		SolutionGuid = {44766A92-0D4A-4B4E-A1AA-1778826C74B1}
	EndGlobalSection
EndGlobal
