
Microsoft Visual Studio Solution File, Format Version 12.00
# Visual Studio Version 16
VisualStudioVersion = 16.0.31410.357
MinimumVisualStudioVersion = 10.0.40219.1
Project("{FAE04EC0-301F-11D3-BF4B-00C04F79EFBC}") = "2ndDay_7", "2ndDay_7.csproj", "{C9000419-C7BF-46AB-9070-AA3F27849CDD}"
EndProject
Global
	GlobalSection(SolutionConfigurationPlatforms) = preSolution
		Debug|Any CPU = Debug|Any CPU
		Release|Any CPU = Release|Any CPU
	EndGlobalSection
	GlobalSection(ProjectConfigurationPlatforms) = postSolution
		{C9000419-C7BF-46AB-9070-AA3F27849CDD}.Debug|Any CPU.ActiveCfg = Debug|Any CPU
		{C9000419-C7BF-46AB-9070-AA3F27849CDD}.Debug|Any CPU.Build.0 = Debug|Any CPU
		{C9000419-C7BF-46AB-9070-AA3F27849CDD}.Release|Any CPU.ActiveCfg = Release|Any CPU
		{C9000419-C7BF-46AB-9070-AA3F27849CDD}.Release|Any CPU.Build.0 = Release|Any CPU
	EndGlobalSection
	GlobalSection(SolutionProperties) = preSolution
		HideSolutionNode = FALSE
	EndGlobalSection
	GlobalSection(ExtensibilityGlobals) = postSolution
		SolutionGuid = {F5D9005C-7310-46F2-A870-3A0D8CAE0D37}
	EndGlobalSection
EndGlobal
