
Microsoft Visual Studio Solution File, Format Version 12.00
# Visual Studio Version 16
VisualStudioVersion = 16.0.31410.357
MinimumVisualStudioVersion = 10.0.40219.1
Project("{FAE04EC0-301F-11D3-BF4B-00C04F79EFBC}") = "2ndDay_ex2", "2ndDay_ex2.csproj", "{74C7B91A-3A14-4642-9211-91D5C20A9AA7}"
EndProject
Global
	GlobalSection(SolutionConfigurationPlatforms) = preSolution
		Debug|Any CPU = Debug|Any CPU
		Release|Any CPU = Release|Any CPU
	EndGlobalSection
	GlobalSection(ProjectConfigurationPlatforms) = postSolution
		{74C7B91A-3A14-4642-9211-91D5C20A9AA7}.Debug|Any CPU.ActiveCfg = Debug|Any CPU
		{74C7B91A-3A14-4642-9211-91D5C20A9AA7}.Debug|Any CPU.Build.0 = Debug|Any CPU
		{74C7B91A-3A14-4642-9211-91D5C20A9AA7}.Release|Any CPU.ActiveCfg = Release|Any CPU
		{74C7B91A-3A14-4642-9211-91D5C20A9AA7}.Release|Any CPU.Build.0 = Release|Any CPU
	EndGlobalSection
	GlobalSection(SolutionProperties) = preSolution
		HideSolutionNode = FALSE
	EndGlobalSection
	GlobalSection(ExtensibilityGlobals) = postSolution
		SolutionGuid = {3D9A061D-B5E5-4190-9B39-C6F0C3DE92B5}
	EndGlobalSection
EndGlobal
