
Microsoft Visual Studio Solution File, Format Version 12.00
# Visual Studio Version 16
VisualStudioVersion = 16.0.31410.357
MinimumVisualStudioVersion = 10.0.40219.1
Project("{FAE04EC0-301F-11D3-BF4B-00C04F79EFBC}") = "4thDay_ex3_1", "4thDay_ex3_1.csproj", "{65349AF0-03FC-4E84-84AE-1B1C3699F843}"
EndProject
Global
	GlobalSection(SolutionConfigurationPlatforms) = preSolution
		Debug|Any CPU = Debug|Any CPU
		Release|Any CPU = Release|Any CPU
	EndGlobalSection
	GlobalSection(ProjectConfigurationPlatforms) = postSolution
		{65349AF0-03FC-4E84-84AE-1B1C3699F843}.Debug|Any CPU.ActiveCfg = Debug|Any CPU
		{65349AF0-03FC-4E84-84AE-1B1C3699F843}.Debug|Any CPU.Build.0 = Debug|Any CPU
		{65349AF0-03FC-4E84-84AE-1B1C3699F843}.Release|Any CPU.ActiveCfg = Release|Any CPU
		{65349AF0-03FC-4E84-84AE-1B1C3699F843}.Release|Any CPU.Build.0 = Release|Any CPU
	EndGlobalSection
	GlobalSection(SolutionProperties) = preSolution
		HideSolutionNode = FALSE
	EndGlobalSection
	GlobalSection(ExtensibilityGlobals) = postSolution
		SolutionGuid = {E8DC1DBC-5BB5-4BCA-97E7-F8C22E4F44CF}
	EndGlobalSection
EndGlobal
