
Microsoft Visual Studio Solution File, Format Version 12.00
# Visual Studio Version 16
VisualStudioVersion = 16.0.31410.357
MinimumVisualStudioVersion = 10.0.40219.1
Project("{FAE04EC0-301F-11D3-BF4B-00C04F79EFBC}") = "4thDay_4", "4thDay_4.csproj", "{64B57DB5-EA27-45F6-8874-9F8F7A484449}"
EndProject
Global
	GlobalSection(SolutionConfigurationPlatforms) = preSolution
		Debug|Any CPU = Debug|Any CPU
		Release|Any CPU = Release|Any CPU
	EndGlobalSection
	GlobalSection(ProjectConfigurationPlatforms) = postSolution
		{64B57DB5-EA27-45F6-8874-9F8F7A484449}.Debug|Any CPU.ActiveCfg = Debug|Any CPU
		{64B57DB5-EA27-45F6-8874-9F8F7A484449}.Debug|Any CPU.Build.0 = Debug|Any CPU
		{64B57DB5-EA27-45F6-8874-9F8F7A484449}.Release|Any CPU.ActiveCfg = Release|Any CPU
		{64B57DB5-EA27-45F6-8874-9F8F7A484449}.Release|Any CPU.Build.0 = Release|Any CPU
	EndGlobalSection
	GlobalSection(SolutionProperties) = preSolution
		HideSolutionNode = FALSE
	EndGlobalSection
	GlobalSection(ExtensibilityGlobals) = postSolution
		SolutionGuid = {2621932C-6307-4311-AE90-0723974F0B50}
	EndGlobalSection
EndGlobal
