
Microsoft Visual Studio Solution File, Format Version 12.00
# Visual Studio Version 16
VisualStudioVersion = 16.0.31410.357
MinimumVisualStudioVersion = 10.0.40219.1
Project("{FAE04EC0-301F-11D3-BF4B-00C04F79EFBC}") = "3rdDay_5", "3rdDay_5.csproj", "{8F051EFD-5729-4B9D-977D-F76BC4ADB51B}"
EndProject
Global
	GlobalSection(SolutionConfigurationPlatforms) = preSolution
		Debug|Any CPU = Debug|Any CPU
		Release|Any CPU = Release|Any CPU
	EndGlobalSection
	GlobalSection(ProjectConfigurationPlatforms) = postSolution
		{8F051EFD-5729-4B9D-977D-F76BC4ADB51B}.Debug|Any CPU.ActiveCfg = Debug|Any CPU
		{8F051EFD-5729-4B9D-977D-F76BC4ADB51B}.Debug|Any CPU.Build.0 = Debug|Any CPU
		{8F051EFD-5729-4B9D-977D-F76BC4ADB51B}.Release|Any CPU.ActiveCfg = Release|Any CPU
		{8F051EFD-5729-4B9D-977D-F76BC4ADB51B}.Release|Any CPU.Build.0 = Release|Any CPU
	EndGlobalSection
	GlobalSection(SolutionProperties) = preSolution
		HideSolutionNode = FALSE
	EndGlobalSection
	GlobalSection(ExtensibilityGlobals) = postSolution
		SolutionGuid = {E1426225-320F-4D2A-99C3-37C4EF7BC500}
	EndGlobalSection
EndGlobal
