
Microsoft Visual Studio Solution File, Format Version 12.00
# Visual Studio Version 16
VisualStudioVersion = 16.0.31410.357
MinimumVisualStudioVersion = 10.0.40219.1
Project("{FAE04EC0-301F-11D3-BF4B-00C04F79EFBC}") = "2ndDay_2", "2ndDay_2.csproj", "{BF18F286-4FC7-48B5-A41A-AA23E0F36DD1}"
EndProject
Global
	GlobalSection(SolutionConfigurationPlatforms) = preSolution
		Debug|Any CPU = Debug|Any CPU
		Release|Any CPU = Release|Any CPU
	EndGlobalSection
	GlobalSection(ProjectConfigurationPlatforms) = postSolution
		{BF18F286-4FC7-48B5-A41A-AA23E0F36DD1}.Debug|Any CPU.ActiveCfg = Debug|Any CPU
		{BF18F286-4FC7-48B5-A41A-AA23E0F36DD1}.Debug|Any CPU.Build.0 = Debug|Any CPU
		{BF18F286-4FC7-48B5-A41A-AA23E0F36DD1}.Release|Any CPU.ActiveCfg = Release|Any CPU
		{BF18F286-4FC7-48B5-A41A-AA23E0F36DD1}.Release|Any CPU.Build.0 = Release|Any CPU
	EndGlobalSection
	GlobalSection(SolutionProperties) = preSolution
		HideSolutionNode = FALSE
	EndGlobalSection
	GlobalSection(ExtensibilityGlobals) = postSolution
		SolutionGuid = {F6A0D0BA-61AB-4F09-BA31-81A522B58D84}
	EndGlobalSection
EndGlobal
