
Microsoft Visual Studio Solution File, Format Version 12.00
# Visual Studio Version 16
VisualStudioVersion = 16.0.31410.357
MinimumVisualStudioVersion = 10.0.40219.1
Project("{FAE04EC0-301F-11D3-BF4B-00C04F79EFBC}") = "2ndDay_ex3", "2ndDay_ex3.csproj", "{247D71FC-3F92-4469-B3DB-77CB333C0BED}"
EndProject
Global
	GlobalSection(SolutionConfigurationPlatforms) = preSolution
		Debug|Any CPU = Debug|Any CPU
		Release|Any CPU = Release|Any CPU
	EndGlobalSection
	GlobalSection(ProjectConfigurationPlatforms) = postSolution
		{247D71FC-3F92-4469-B3DB-77CB333C0BED}.Debug|Any CPU.ActiveCfg = Debug|Any CPU
		{247D71FC-3F92-4469-B3DB-77CB333C0BED}.Debug|Any CPU.Build.0 = Debug|Any CPU
		{247D71FC-3F92-4469-B3DB-77CB333C0BED}.Release|Any CPU.ActiveCfg = Release|Any CPU
		{247D71FC-3F92-4469-B3DB-77CB333C0BED}.Release|Any CPU.Build.0 = Release|Any CPU
	EndGlobalSection
	GlobalSection(SolutionProperties) = preSolution
		HideSolutionNode = FALSE
	EndGlobalSection
	GlobalSection(ExtensibilityGlobals) = postSolution
		SolutionGuid = {7EFFB2A5-F6A7-41CD-B63D-725384D7E3FF}
	EndGlobalSection
EndGlobal
