
Microsoft Visual Studio Solution File, Format Version 12.00
# Visual Studio Version 16
VisualStudioVersion = 16.0.31410.357
MinimumVisualStudioVersion = 10.0.40219.1
Project("{FAE04EC0-301F-11D3-BF4B-00C04F79EFBC}") = "3rdDay_ex1_3", "3rdDay_ex1_3.csproj", "{3D28F28C-134C-429A-8023-4B858C218BAA}"
EndProject
Global
	GlobalSection(SolutionConfigurationPlatforms) = preSolution
		Debug|Any CPU = Debug|Any CPU
		Release|Any CPU = Release|Any CPU
	EndGlobalSection
	GlobalSection(ProjectConfigurationPlatforms) = postSolution
		{3D28F28C-134C-429A-8023-4B858C218BAA}.Debug|Any CPU.ActiveCfg = Debug|Any CPU
		{3D28F28C-134C-429A-8023-4B858C218BAA}.Debug|Any CPU.Build.0 = Debug|Any CPU
		{3D28F28C-134C-429A-8023-4B858C218BAA}.Release|Any CPU.ActiveCfg = Release|Any CPU
		{3D28F28C-134C-429A-8023-4B858C218BAA}.Release|Any CPU.Build.0 = Release|Any CPU
	EndGlobalSection
	GlobalSection(SolutionProperties) = preSolution
		HideSolutionNode = FALSE
	EndGlobalSection
	GlobalSection(ExtensibilityGlobals) = postSolution
		SolutionGuid = {36C6A09E-0A22-430E-A900-4ED79AD5F4E5}
	EndGlobalSection
EndGlobal
