
Microsoft Visual Studio Solution File, Format Version 12.00
# Visual Studio Version 16
VisualStudioVersion = 16.0.31410.357
MinimumVisualStudioVersion = 10.0.40219.1
Project("{FAE04EC0-301F-11D3-BF4B-00C04F79EFBC}") = "4thDay_8", "4thDay_8.csproj", "{8D10F3DF-3F78-4059-9FF6-C77C56041F3D}"
EndProject
Global
	GlobalSection(SolutionConfigurationPlatforms) = preSolution
		Debug|Any CPU = Debug|Any CPU
		Release|Any CPU = Release|Any CPU
	EndGlobalSection
	GlobalSection(ProjectConfigurationPlatforms) = postSolution
		{8D10F3DF-3F78-4059-9FF6-C77C56041F3D}.Debug|Any CPU.ActiveCfg = Debug|Any CPU
		{8D10F3DF-3F78-4059-9FF6-C77C56041F3D}.Debug|Any CPU.Build.0 = Debug|Any CPU
		{8D10F3DF-3F78-4059-9FF6-C77C56041F3D}.Release|Any CPU.ActiveCfg = Release|Any CPU
		{8D10F3DF-3F78-4059-9FF6-C77C56041F3D}.Release|Any CPU.Build.0 = Release|Any CPU
	EndGlobalSection
	GlobalSection(SolutionProperties) = preSolution
		HideSolutionNode = FALSE
	EndGlobalSection
	GlobalSection(ExtensibilityGlobals) = postSolution
		SolutionGuid = {634AC386-E306-435D-A617-A1380A11EB79}
	EndGlobalSection
EndGlobal
