
Microsoft Visual Studio Solution File, Format Version 12.00
# Visual Studio Version 16
VisualStudioVersion = 16.0.31410.357
MinimumVisualStudioVersion = 10.0.40219.1
Project("{FAE04EC0-301F-11D3-BF4B-00C04F79EFBC}") = "2ndDay_9", "2ndDay_9.csproj", "{F8F9F3EA-2E58-4D8B-882B-CF3A94BEB2A2}"
EndProject
Global
	GlobalSection(SolutionConfigurationPlatforms) = preSolution
		Debug|Any CPU = Debug|Any CPU
		Release|Any CPU = Release|Any CPU
	EndGlobalSection
	GlobalSection(ProjectConfigurationPlatforms) = postSolution
		{F8F9F3EA-2E58-4D8B-882B-CF3A94BEB2A2}.Debug|Any CPU.ActiveCfg = Debug|Any CPU
		{F8F9F3EA-2E58-4D8B-882B-CF3A94BEB2A2}.Debug|Any CPU.Build.0 = Debug|Any CPU
		{F8F9F3EA-2E58-4D8B-882B-CF3A94BEB2A2}.Release|Any CPU.ActiveCfg = Release|Any CPU
		{F8F9F3EA-2E58-4D8B-882B-CF3A94BEB2A2}.Release|Any CPU.Build.0 = Release|Any CPU
	EndGlobalSection
	GlobalSection(SolutionProperties) = preSolution
		HideSolutionNode = FALSE
	EndGlobalSection
	GlobalSection(ExtensibilityGlobals) = postSolution
		SolutionGuid = {BBE41A50-BBEF-411E-B66F-7BC5C8F698D6}
	EndGlobalSection
EndGlobal
