
Microsoft Visual Studio Solution File, Format Version 12.00
# Visual Studio Version 16
VisualStudioVersion = 16.0.31410.357
MinimumVisualStudioVersion = 10.0.40219.1
Project("{FAE04EC0-301F-11D3-BF4B-00C04F79EFBC}") = "4thDay_ex2_1", "4thDay_ex2_1.csproj", "{A2C18AF5-D924-411B-8EEB-6E6E319CC260}"
EndProject
Global
	GlobalSection(SolutionConfigurationPlatforms) = preSolution
		Debug|Any CPU = Debug|Any CPU
		Release|Any CPU = Release|Any CPU
	EndGlobalSection
	GlobalSection(ProjectConfigurationPlatforms) = postSolution
		{A2C18AF5-D924-411B-8EEB-6E6E319CC260}.Debug|Any CPU.ActiveCfg = Debug|Any CPU
		{A2C18AF5-D924-411B-8EEB-6E6E319CC260}.Debug|Any CPU.Build.0 = Debug|Any CPU
		{A2C18AF5-D924-411B-8EEB-6E6E319CC260}.Release|Any CPU.ActiveCfg = Release|Any CPU
		{A2C18AF5-D924-411B-8EEB-6E6E319CC260}.Release|Any CPU.Build.0 = Release|Any CPU
	EndGlobalSection
	GlobalSection(SolutionProperties) = preSolution
		HideSolutionNode = FALSE
	EndGlobalSection
	GlobalSection(ExtensibilityGlobals) = postSolution
		SolutionGuid = {C32F3DE0-EA5E-4E5F-B0A8-97816F5C6062}
	EndGlobalSection
EndGlobal
