
Microsoft Visual Studio Solution File, Format Version 12.00
# Visual Studio Version 16
VisualStudioVersion = 16.0.31410.357
MinimumVisualStudioVersion = 10.0.40219.1
Project("{FAE04EC0-301F-11D3-BF4B-00C04F79EFBC}") = "3rdDay_6", "3rdDay_6.csproj", "{243768BD-1706-45F5-AE86-2B10FA8B0F2F}"
EndProject
Global
	GlobalSection(SolutionConfigurationPlatforms) = preSolution
		Debug|Any CPU = Debug|Any CPU
		Release|Any CPU = Release|Any CPU
	EndGlobalSection
	GlobalSection(ProjectConfigurationPlatforms) = postSolution
		{243768BD-1706-45F5-AE86-2B10FA8B0F2F}.Debug|Any CPU.ActiveCfg = Debug|Any CPU
		{243768BD-1706-45F5-AE86-2B10FA8B0F2F}.Debug|Any CPU.Build.0 = Debug|Any CPU
		{243768BD-1706-45F5-AE86-2B10FA8B0F2F}.Release|Any CPU.ActiveCfg = Release|Any CPU
		{243768BD-1706-45F5-AE86-2B10FA8B0F2F}.Release|Any CPU.Build.0 = Release|Any CPU
	EndGlobalSection
	GlobalSection(SolutionProperties) = preSolution
		HideSolutionNode = FALSE
	EndGlobalSection
	GlobalSection(ExtensibilityGlobals) = postSolution
		SolutionGuid = {C6184F1A-EBAE-41BD-82E3-90E431DAC45B}
	EndGlobalSection
EndGlobal
